
Microsoft Visual Studio Solution File, Format Version 12.00
# Visual Studio Version 16
VisualStudioVersion = 16.0.29709.97
MinimumVisualStudioVersion = 10.0.40219.1
Project("{FAE04EC0-301F-11D3-BF4B-00C04F79EFBC}") = "POC.Identity.Web", "POC.Identity.Web\POC.Identity.Web.csproj", "{D09B1317-71D4-4003-90AA-E2801419802E}"
EndProject
Project("{FAE04EC0-301F-11D3-BF4B-00C04F79EFBC}") = "POC.Web", "POC.Web\POC.Web.csproj", "{D5F705DD-9E55-40E3-8D3F-2C61DC59FE7F}"
EndProject
Project("{2150E333-8FDC-42A3-9474-1A3956D46DE8}") = "Identity", "Identity", "{7C49D7D7-0D69-49A1-ABD9-7204AEE87382}"
EndProject
Project("{FAE04EC0-301F-11D3-BF4B-00C04F79EFBC}") = "POC.Identity", "POC.Identity\POC.Identity.csproj", "{EDA15DE6-9F6B-40B9-A9AA-159645425DBA}"
EndProject
Project("{2150E333-8FDC-42A3-9474-1A3956D46DE8}") = "Common", "Common", "{66AF0298-980F-454B-8CB4-BDA0B1393E22}"
EndProject
Project("{FAE04EC0-301F-11D3-BF4B-00C04F79EFBC}") = "POC.Common", "POC.Common\POC.Common.csproj", "{0FAEE2E1-706A-4EEC-A81C-D7A0AD32763E}"
EndProject
Project("{FAE04EC0-301F-11D3-BF4B-00C04F79EFBC}") = "POC.Identity.Service", "POC.Identity.Service\POC.Identity.Service.csproj", "{CEED1C07-3F63-4661-B6C9-0EBD21109CEB}"
EndProject
Project("{FAE04EC0-301F-11D3-BF4B-00C04F79EFBC}") = "POC.Channel", "POC.Channel\POC.Channel.csproj", "{34C77B64-9DC1-44BB-AD46-EDE44E3958ED}"
EndProject
Project("{2150E333-8FDC-42A3-9474-1A3956D46DE8}") = "Channel", "Channel", "{BF3E0380-5654-4F9F-A8F9-6A2EC9F840F7}"
EndProject
Project("{2150E333-8FDC-42A3-9474-1A3956D46DE8}") = "Accounts", "Accounts", "{CFF76435-023B-4C0E-A753-F12F67CE1E8F}"
EndProject
Project("{FAE04EC0-301F-11D3-BF4B-00C04F79EFBC}") = "POC.Accounts", "POC.Accounts\POC.Accounts.csproj", "{5F5EB291-60DF-4EF8-9714-7897EAD99913}"
EndProject
Project("{FAE04EC0-301F-11D3-BF4B-00C04F79EFBC}") = "POC.Identity.Web.Authentication", "POC.Identity.Web.Authentication\POC.Identity.Web.Authentication.csproj", "{85D5B4F9-68DE-4002-9A63-49800F76B764}"
EndProject
Project("{FAE04EC0-301F-11D3-BF4B-00C04F79EFBC}") = "POC.Web.Validation", "POC.Web.Validation\POC.Web.Validation.csproj", "{B7F7AAE4-FE96-44E0-9331-7645755D3672}"
EndProject
Project("{2150E333-8FDC-42A3-9474-1A3956D46DE8}") = "Logging", "Logging", "{BF7AAACA-ABAF-4236-8B07-187922A046BF}"
EndProject
Project("{FAE04EC0-301F-11D3-BF4B-00C04F79EFBC}") = "POC.Logging", "POC.Logging\POC.Logging.csproj", "{9608733B-8B52-4408-8F95-7ADFF9FE6F5F}"
EndProject
Project("{FAE04EC0-301F-11D3-BF4B-00C04F79EFBC}") = "POC.Logging.Service", "POC.Logging.Service\POC.Logging.Service.csproj", "{110F6116-F7BA-4ACA-8B7A-601C3B9E48BE}"
EndProject
Project("{FAE04EC0-301F-11D3-BF4B-00C04F79EFBC}") = "POC.Accounts.Service", "POC.Accounts.Service\POC.Accounts.Service.csproj", "{7B47C033-95EE-4696-9103-156CA0D7201B}"
EndProject
Project("{2150E333-8FDC-42A3-9474-1A3956D46DE8}") = "Configuration", "Configuration", "{08DAE5E5-8335-411E-99FE-FF06ED1F692F}"
EndProject
Project("{FAE04EC0-301F-11D3-BF4B-00C04F79EFBC}") = "POC.Configuration.Mapping", "POC.Configuration.Mapping\POC.Configuration.Mapping.csproj", "{8F25E1F4-1B8E-4883-8480-60B9CC373D86}"
EndProject
Project("{FAE04EC0-301F-11D3-BF4B-00C04F79EFBC}") = "POC.Configuration.DI", "POC.Configuration.DI\POC.Configuration.DI.csproj", "{E5935973-174E-46AF-B297-BC4123035519}"
EndProject
Project("{FAE04EC0-301F-11D3-BF4B-00C04F79EFBC}") = "POC.Configuration.DI.Mvc", "POC.Configuration.DI.Mvc\POC.Configuration.DI.Mvc.csproj", "{5A610184-F0C4-4175-B3AB-9553C4E0B664}"
EndProject
Project("{FAE04EC0-301F-11D3-BF4B-00C04F79EFBC}") = "POC.Web.Common", "POC.Web.Common\POC.Web.Common.csproj", "{1D5F9E2D-3C68-4B7B-B8C3-67529152359F}"
EndProject
Project("{2150E333-8FDC-42A3-9474-1A3956D46DE8}") = "Todos", "Todos", "{996C710B-DDD3-429F-9A58-17A6C7FC69C6}"
EndProject
Project("{2150E333-8FDC-42A3-9474-1A3956D46DE8}") = "Web", "Web", "{46A645C9-0E23-454F-AAAA-9F54686815ED}"
EndProject
Project("{2150E333-8FDC-42A3-9474-1A3956D46DE8}") = "Portal", "Portal", "{0CF3887C-F4F8-42E8-9A63-B8F3C884E1D1}"
EndProject
Project("{FAE04EC0-301F-11D3-BF4B-00C04F79EFBC}") = "POC.Todos", "POC.Todos\POC.Todos.csproj", "{939418EF-F3E5-461F-A3B3-CFAF86FD3835}"
EndProject
Project("{FAE04EC0-301F-11D3-BF4B-00C04F79EFBC}") = "POC.Todos.Service", "POC.Todos.Service\POC.Todos.Service.csproj", "{CC2072E1-8CF9-4FCF-AC57-4A5354CE0439}"
EndProject
Global
	GlobalSection(SolutionConfigurationPlatforms) = preSolution
		Debug|Any CPU = Debug|Any CPU
		Release|Any CPU = Release|Any CPU
	EndGlobalSection
	GlobalSection(ProjectConfigurationPlatforms) = postSolution
		{D09B1317-71D4-4003-90AA-E2801419802E}.Debug|Any CPU.ActiveCfg = Debug|Any CPU
		{D09B1317-71D4-4003-90AA-E2801419802E}.Debug|Any CPU.Build.0 = Debug|Any CPU
		{D09B1317-71D4-4003-90AA-E2801419802E}.Release|Any CPU.ActiveCfg = Release|Any CPU
		{D09B1317-71D4-4003-90AA-E2801419802E}.Release|Any CPU.Build.0 = Release|Any CPU
		{D5F705DD-9E55-40E3-8D3F-2C61DC59FE7F}.Debug|Any CPU.ActiveCfg = Debug|Any CPU
		{D5F705DD-9E55-40E3-8D3F-2C61DC59FE7F}.Debug|Any CPU.Build.0 = Debug|Any CPU
		{D5F705DD-9E55-40E3-8D3F-2C61DC59FE7F}.Release|Any CPU.ActiveCfg = Release|Any CPU
		{D5F705DD-9E55-40E3-8D3F-2C61DC59FE7F}.Release|Any CPU.Build.0 = Release|Any CPU
		{EDA15DE6-9F6B-40B9-A9AA-159645425DBA}.Debug|Any CPU.ActiveCfg = Debug|Any CPU
		{EDA15DE6-9F6B-40B9-A9AA-159645425DBA}.Debug|Any CPU.Build.0 = Debug|Any CPU
		{EDA15DE6-9F6B-40B9-A9AA-159645425DBA}.Release|Any CPU.ActiveCfg = Release|Any CPU
		{EDA15DE6-9F6B-40B9-A9AA-159645425DBA}.Release|Any CPU.Build.0 = Release|Any CPU
		{0FAEE2E1-706A-4EEC-A81C-D7A0AD32763E}.Debug|Any CPU.ActiveCfg = Debug|Any CPU
		{0FAEE2E1-706A-4EEC-A81C-D7A0AD32763E}.Debug|Any CPU.Build.0 = Debug|Any CPU
		{0FAEE2E1-706A-4EEC-A81C-D7A0AD32763E}.Release|Any CPU.ActiveCfg = Release|Any CPU
		{0FAEE2E1-706A-4EEC-A81C-D7A0AD32763E}.Release|Any CPU.Build.0 = Release|Any CPU
		{CEED1C07-3F63-4661-B6C9-0EBD21109CEB}.Debug|Any CPU.ActiveCfg = Debug|Any CPU
		{CEED1C07-3F63-4661-B6C9-0EBD21109CEB}.Debug|Any CPU.Build.0 = Debug|Any CPU
		{CEED1C07-3F63-4661-B6C9-0EBD21109CEB}.Release|Any CPU.ActiveCfg = Release|Any CPU
		{CEED1C07-3F63-4661-B6C9-0EBD21109CEB}.Release|Any CPU.Build.0 = Release|Any CPU
		{34C77B64-9DC1-44BB-AD46-EDE44E3958ED}.Debug|Any CPU.ActiveCfg = Debug|Any CPU
		{34C77B64-9DC1-44BB-AD46-EDE44E3958ED}.Debug|Any CPU.Build.0 = Debug|Any CPU
		{34C77B64-9DC1-44BB-AD46-EDE44E3958ED}.Release|Any CPU.ActiveCfg = Release|Any CPU
		{34C77B64-9DC1-44BB-AD46-EDE44E3958ED}.Release|Any CPU.Build.0 = Release|Any CPU
		{5F5EB291-60DF-4EF8-9714-7897EAD99913}.Debug|Any CPU.ActiveCfg = Debug|Any CPU
		{5F5EB291-60DF-4EF8-9714-7897EAD99913}.Debug|Any CPU.Build.0 = Debug|Any CPU
		{5F5EB291-60DF-4EF8-9714-7897EAD99913}.Release|Any CPU.ActiveCfg = Release|Any CPU
		{5F5EB291-60DF-4EF8-9714-7897EAD99913}.Release|Any CPU.Build.0 = Release|Any CPU
		{85D5B4F9-68DE-4002-9A63-49800F76B764}.Debug|Any CPU.ActiveCfg = Debug|Any CPU
		{85D5B4F9-68DE-4002-9A63-49800F76B764}.Debug|Any CPU.Build.0 = Debug|Any CPU
		{85D5B4F9-68DE-4002-9A63-49800F76B764}.Release|Any CPU.ActiveCfg = Release|Any CPU
		{85D5B4F9-68DE-4002-9A63-49800F76B764}.Release|Any CPU.Build.0 = Release|Any CPU
		{B7F7AAE4-FE96-44E0-9331-7645755D3672}.Debug|Any CPU.ActiveCfg = Debug|Any CPU
		{B7F7AAE4-FE96-44E0-9331-7645755D3672}.Debug|Any CPU.Build.0 = Debug|Any CPU
		{B7F7AAE4-FE96-44E0-9331-7645755D3672}.Release|Any CPU.ActiveCfg = Release|Any CPU
		{B7F7AAE4-FE96-44E0-9331-7645755D3672}.Release|Any CPU.Build.0 = Release|Any CPU
		{9608733B-8B52-4408-8F95-7ADFF9FE6F5F}.Debug|Any CPU.ActiveCfg = Debug|Any CPU
		{9608733B-8B52-4408-8F95-7ADFF9FE6F5F}.Debug|Any CPU.Build.0 = Debug|Any CPU
		{9608733B-8B52-4408-8F95-7ADFF9FE6F5F}.Release|Any CPU.ActiveCfg = Release|Any CPU
		{9608733B-8B52-4408-8F95-7ADFF9FE6F5F}.Release|Any CPU.Build.0 = Release|Any CPU
		{110F6116-F7BA-4ACA-8B7A-601C3B9E48BE}.Debug|Any CPU.ActiveCfg = Debug|Any CPU
		{110F6116-F7BA-4ACA-8B7A-601C3B9E48BE}.Debug|Any CPU.Build.0 = Debug|Any CPU
		{110F6116-F7BA-4ACA-8B7A-601C3B9E48BE}.Release|Any CPU.ActiveCfg = Release|Any CPU
		{110F6116-F7BA-4ACA-8B7A-601C3B9E48BE}.Release|Any CPU.Build.0 = Release|Any CPU
		{7B47C033-95EE-4696-9103-156CA0D7201B}.Debug|Any CPU.ActiveCfg = Debug|Any CPU
		{7B47C033-95EE-4696-9103-156CA0D7201B}.Debug|Any CPU.Build.0 = Debug|Any CPU
		{7B47C033-95EE-4696-9103-156CA0D7201B}.Release|Any CPU.ActiveCfg = Release|Any CPU
		{7B47C033-95EE-4696-9103-156CA0D7201B}.Release|Any CPU.Build.0 = Release|Any CPU
		{8F25E1F4-1B8E-4883-8480-60B9CC373D86}.Debug|Any CPU.ActiveCfg = Debug|Any CPU
		{8F25E1F4-1B8E-4883-8480-60B9CC373D86}.Debug|Any CPU.Build.0 = Debug|Any CPU
		{8F25E1F4-1B8E-4883-8480-60B9CC373D86}.Release|Any CPU.ActiveCfg = Release|Any CPU
		{8F25E1F4-1B8E-4883-8480-60B9CC373D86}.Release|Any CPU.Build.0 = Release|Any CPU
		{E5935973-174E-46AF-B297-BC4123035519}.Debug|Any CPU.ActiveCfg = Debug|Any CPU
		{E5935973-174E-46AF-B297-BC4123035519}.Debug|Any CPU.Build.0 = Debug|Any CPU
		{E5935973-174E-46AF-B297-BC4123035519}.Release|Any CPU.ActiveCfg = Release|Any CPU
		{E5935973-174E-46AF-B297-BC4123035519}.Release|Any CPU.Build.0 = Release|Any CPU
		{5A610184-F0C4-4175-B3AB-9553C4E0B664}.Debug|Any CPU.ActiveCfg = Debug|Any CPU
		{5A610184-F0C4-4175-B3AB-9553C4E0B664}.Debug|Any CPU.Build.0 = Debug|Any CPU
		{5A610184-F0C4-4175-B3AB-9553C4E0B664}.Release|Any CPU.ActiveCfg = Release|Any CPU
		{5A610184-F0C4-4175-B3AB-9553C4E0B664}.Release|Any CPU.Build.0 = Release|Any CPU
		{1D5F9E2D-3C68-4B7B-B8C3-67529152359F}.Debug|Any CPU.ActiveCfg = Debug|Any CPU
		{1D5F9E2D-3C68-4B7B-B8C3-67529152359F}.Debug|Any CPU.Build.0 = Debug|Any CPU
		{1D5F9E2D-3C68-4B7B-B8C3-67529152359F}.Release|Any CPU.ActiveCfg = Release|Any CPU
		{1D5F9E2D-3C68-4B7B-B8C3-67529152359F}.Release|Any CPU.Build.0 = Release|Any CPU
		{939418EF-F3E5-461F-A3B3-CFAF86FD3835}.Debug|Any CPU.ActiveCfg = Debug|Any CPU
		{939418EF-F3E5-461F-A3B3-CFAF86FD3835}.Debug|Any CPU.Build.0 = Debug|Any CPU
		{939418EF-F3E5-461F-A3B3-CFAF86FD3835}.Release|Any CPU.ActiveCfg = Release|Any CPU
		{939418EF-F3E5-461F-A3B3-CFAF86FD3835}.Release|Any CPU.Build.0 = Release|Any CPU
		{CC2072E1-8CF9-4FCF-AC57-4A5354CE0439}.Debug|Any CPU.ActiveCfg = Debug|Any CPU
		{CC2072E1-8CF9-4FCF-AC57-4A5354CE0439}.Debug|Any CPU.Build.0 = Debug|Any CPU
		{CC2072E1-8CF9-4FCF-AC57-4A5354CE0439}.Release|Any CPU.ActiveCfg = Release|Any CPU
		{CC2072E1-8CF9-4FCF-AC57-4A5354CE0439}.Release|Any CPU.Build.0 = Release|Any CPU
	EndGlobalSection
	GlobalSection(SolutionProperties) = preSolution
		HideSolutionNode = FALSE
	EndGlobalSection
	GlobalSection(NestedProjects) = preSolution
		{D09B1317-71D4-4003-90AA-E2801419802E} = {7C49D7D7-0D69-49A1-ABD9-7204AEE87382}
		{D5F705DD-9E55-40E3-8D3F-2C61DC59FE7F} = {0CF3887C-F4F8-42E8-9A63-B8F3C884E1D1}
		{EDA15DE6-9F6B-40B9-A9AA-159645425DBA} = {7C49D7D7-0D69-49A1-ABD9-7204AEE87382}
		{0FAEE2E1-706A-4EEC-A81C-D7A0AD32763E} = {66AF0298-980F-454B-8CB4-BDA0B1393E22}
		{CEED1C07-3F63-4661-B6C9-0EBD21109CEB} = {7C49D7D7-0D69-49A1-ABD9-7204AEE87382}
		{34C77B64-9DC1-44BB-AD46-EDE44E3958ED} = {BF3E0380-5654-4F9F-A8F9-6A2EC9F840F7}
		{5F5EB291-60DF-4EF8-9714-7897EAD99913} = {CFF76435-023B-4C0E-A753-F12F67CE1E8F}
		{85D5B4F9-68DE-4002-9A63-49800F76B764} = {7C49D7D7-0D69-49A1-ABD9-7204AEE87382}
		{B7F7AAE4-FE96-44E0-9331-7645755D3672} = {46A645C9-0E23-454F-AAAA-9F54686815ED}
		{9608733B-8B52-4408-8F95-7ADFF9FE6F5F} = {BF7AAACA-ABAF-4236-8B07-187922A046BF}
		{110F6116-F7BA-4ACA-8B7A-601C3B9E48BE} = {BF7AAACA-ABAF-4236-8B07-187922A046BF}
		{7B47C033-95EE-4696-9103-156CA0D7201B} = {CFF76435-023B-4C0E-A753-F12F67CE1E8F}
		{8F25E1F4-1B8E-4883-8480-60B9CC373D86} = {08DAE5E5-8335-411E-99FE-FF06ED1F692F}
		{E5935973-174E-46AF-B297-BC4123035519} = {08DAE5E5-8335-411E-99FE-FF06ED1F692F}
		{5A610184-F0C4-4175-B3AB-9553C4E0B664} = {08DAE5E5-8335-411E-99FE-FF06ED1F692F}
		{1D5F9E2D-3C68-4B7B-B8C3-67529152359F} = {46A645C9-0E23-454F-AAAA-9F54686815ED}
		{939418EF-F3E5-461F-A3B3-CFAF86FD3835} = {996C710B-DDD3-429F-9A58-17A6C7FC69C6}
		{CC2072E1-8CF9-4FCF-AC57-4A5354CE0439} = {996C710B-DDD3-429F-9A58-17A6C7FC69C6}
	EndGlobalSection
	GlobalSection(ExtensibilityGlobals) = postSolution
		SolutionGuid = {9A7B92C2-9B2A-4A50-BB2D-6F73DF342656}
	EndGlobalSection
EndGlobal
